{
    "name": "echarts for uniapp",
    "version": "0.0.1",
    "lockfileVersion": 2,
    "requires": true,
    "packages": {
        "": {
            "name": "echarts for uniapp",
            "version": "0.0.1",
            "dependencies": {
                "dayjs": "^1.11.8",
                "echarts": "^5.4.3"
            }
        },
        "node_modules/dayjs": {
            "version": "1.11.8",
            "resolved": "https://registry.npmjs.org/dayjs/-/dayjs-1.11.8.tgz",
            "integrity": "sha512-LcgxzFoWMEPO7ggRv1Y2N31hUf2R0Vj7fuy/m+Bg1K8rr+KAs1AEy4y9jd5DXe8pbHgX+srkHNS7TH6Q6ZhYeQ=="
        },
        "node_modules/echarts": {
            "version": "5.4.3",
            "resolved": "https://registry.npmmirror.com/echarts/-/echarts-5.4.3.tgz",
            "integrity": "sha512-mYKxLxhzy6zyTi/FaEbJMOZU1ULGEQHaeIeuMR5L+JnJTpz+YR03mnnpBhbR4+UYJAgiXgpyTVLffPAjOTLkZA==",
            "dependencies": {
                "tslib": "2.3.0",
                "zrender": "5.4.4"
            }
        },
        "node_modules/tslib": {
            "version": "2.3.0",
            "resolved": "https://registry.npmjs.org/tslib/-/tslib-2.3.0.tgz",
            "integrity": "sha512-N82ooyxVNm6h1riLCoyS9e3fuJ3AMG2zIZs2Gd1ATcSFjSA23Q0fzjjZeh0jbJvWVDZ0cJT8yaNNaaXHzueNjg=="
        },
        "node_modules/zrender": {
            "version": "5.4.4",
            "resolved": "https://registry.npmjs.org/zrender/-/zrender-5.4.4.tgz",
            "integrity": "sha512-0VxCNJ7AGOMCWeHVyTrGzUgrK4asT4ml9PEkeGirAkKNYXYzoPJCLvmyfdoOXcjTHPs10OZVMfD1Rwg16AZyYw==",
            "dependencies": {
                "tslib": "2.3.0"
            }
        }
    },
    "dependencies": {
        "dayjs": {
            "version": "1.11.8",
            "resolved": "https://registry.npmjs.org/dayjs/-/dayjs-1.11.8.tgz",
            "integrity": "sha512-LcgxzFoWMEPO7ggRv1Y2N31hUf2R0Vj7fuy/m+Bg1K8rr+KAs1AEy4y9jd5DXe8pbHgX+srkHNS7TH6Q6ZhYeQ=="
        },
        "echarts": {
            "version": "5.4.3",
            "resolved": "https://registry.npmmirror.com/echarts/-/echarts-5.4.3.tgz",
            "integrity": "sha512-mYKxLxhzy6zyTi/FaEbJMOZU1ULGEQHaeIeuMR5L+JnJTpz+YR03mnnpBhbR4+UYJAgiXgpyTVLffPAjOTLkZA==",
            "requires": {
                "tslib": "2.3.0",
                "zrender": "5.4.4"
            }
        },
        "tslib": {
            "version": "2.3.0",
            "resolved": "https://registry.npmjs.org/tslib/-/tslib-2.3.0.tgz",
            "integrity": "sha512-N82ooyxVNm6h1riLCoyS9e3fuJ3AMG2zIZs2Gd1ATcSFjSA23Q0fzjjZeh0jbJvWVDZ0cJT8yaNNaaXHzueNjg=="
        },
        "zrender": {
            "version": "5.4.4",
            "resolved": "https://registry.npmjs.org/zrender/-/zrender-5.4.4.tgz",
            "integrity": "sha512-0VxCNJ7AGOMCWeHVyTrGzUgrK4asT4ml9PEkeGirAkKNYXYzoPJCLvmyfdoOXcjTHPs10OZVMfD1Rwg16AZyYw==",
            "requires": {
                "tslib": "2.3.0"
            }
        }
    }
}
