lockfileVersion: '9.0'

settings:
  autoInstallPeers: true
  excludeLinksFromLockfile: false

importers:

  .:
    dependencies:
      dayjs:
        specifier: ^1.11.8
        version: 1.11.19
      echarts:
        specifier: ^5.4.3
        version: 5.6.0
      vue:
        specifier: 3.4.21
        version: 3.4.21
      vue-i18n:
        specifier: 9.1.9
        version: 9.1.9(vue@3.4.21)

packages:

  '@babel/helper-string-parser@7.27.1':
    resolution: {integrity: sha512-qMlSxKbpRlAridDExk92nSobyDdpPijUq2DW6oDnUqd0iOGxmQjyqhMIihI9+zv4LPyZdRje2cavWPbCbWm3eA==}
    engines: {node: '>=6.9.0'}

  '@babel/helper-validator-identifier@7.28.5':
    resolution: {integrity: sha512-qSs4ifwzKJSV39ucNjsvc6WVHs6b7S03sOh2OcHF9UHfVPqWWALUsNUVzhSBiItjRZoLHx7nIarVjqKVusUZ1Q==}
    engines: {node: '>=6.9.0'}

  '@babel/parser@7.28.5':
    resolution: {integrity: sha512-KKBU1VGYR7ORr3At5HAtUQ+TV3SzRCXmA/8OdDZiLDBIZxVyzXuztPjfLd3BV1PRAQGCMWWSHYhL0F8d5uHBDQ==}
    engines: {node: '>=6.0.0'}
    hasBin: true

  '@babel/types@7.28.5':
    resolution: {integrity: sha512-qQ5m48eI/MFLQ5PxQj4PFaprjyCTLI37ElWMmNs0K8Lk3dVeOdNpB3ks8jc7yM5CDmVC73eMVk/trk3fgmrUpA==}
    engines: {node: '>=6.9.0'}

  '@intlify/core-base@9.1.9':
    resolution: {integrity: sha512-x5T0p/Ja0S8hs5xs+ImKyYckVkL4CzcEXykVYYV6rcbXxJTe2o58IquSqX9bdncVKbRZP7GlBU1EcRaQEEJ+vw==}
    engines: {node: '>= 10'}

  '@intlify/devtools-if@9.1.9':
    resolution: {integrity: sha512-oKSMKjttG3Ut/1UGEZjSdghuP3fwA15zpDPcjkf/1FjlOIm6uIBGMNS5jXzsZy593u+P/YcnrZD6cD3IVFz9vQ==}
    engines: {node: '>= 10'}

  '@intlify/message-compiler@9.1.9':
    resolution: {integrity: sha512-6YgCMF46Xd0IH2hMRLCssZI3gFG4aywidoWQ3QP4RGYQXQYYfFC54DxhSgfIPpVoPLQ+4AD29eoYmhiHZ+qLFQ==}
    engines: {node: '>= 10'}

  '@intlify/message-resolver@9.1.9':
    resolution: {integrity: sha512-Lx/DBpigeK0sz2BBbzv5mu9/dAlt98HxwbG7xLawC3O2xMF9MNWU5FtOziwYG6TDIjNq0O/3ZbOJAxwITIWXEA==}
    engines: {node: '>= 10'}

  '@intlify/runtime@9.1.9':
    resolution: {integrity: sha512-XgPw8+UlHCiie3fI41HPVa/VDJb3/aSH7bLhY1hJvlvNV713PFtb4p4Jo+rlE0gAoMsMCGcsiT982fImolSltg==}
    engines: {node: '>= 10'}

  '@intlify/shared@9.1.9':
    resolution: {integrity: sha512-xKGM1d0EAxdDFCWedcYXOm6V5Pfw/TMudd6/qCdEb4tv0hk9EKeg7lwQF1azE0dP2phvx0yXxrt7UQK+IZjNdw==}
    engines: {node: '>= 10'}

  '@intlify/vue-devtools@9.1.9':
    resolution: {integrity: sha512-YPehH9uL4vZcGXky4Ev5qQIITnHKIvsD2GKGXgqf+05osMUI6WSEQHaN9USRa318Rs8RyyPCiDfmA0hRu3k7og==}
    engines: {node: '>= 10'}

  '@jridgewell/sourcemap-codec@1.6.0':
    resolution: {integrity: sha512-T7jf+5zgsZHwNJ4lvQ7/aezbyk0nNX+zJVWpmHA7VYsEx7a7qr5Rg5IbtJFqkgze5Y2sruq1RUY8Q837Od7iFw==}

  '@vue/compiler-core@3.4.21':
    resolution: {integrity: sha512-MjXawxZf2SbZszLPYxaFCjxfibYrzr3eYbKxwpLR9EQN+oaziSu3qKVbwBERj1IFIB8OLUewxB5m/BFzi613og==}

  '@vue/compiler-dom@3.4.21':
    resolution: {integrity: sha512-IZC6FKowtT1sl0CR5DpXSiEB5ayw75oT2bma1BEhV7RRR1+cfwLrxc2Z8Zq/RGFzJ8w5r9QtCOvTjQgdn0IKmA==}

  '@vue/compiler-sfc@3.4.21':
    resolution: {integrity: sha512-me7epoTxYlY+2CUM7hy9PCDdpMPfIwrOvAXud2Upk10g4YLv9UBW7kL798TvMeDhPthkZ0CONNrK2GoeI1ODiQ==}

  '@vue/compiler-ssr@3.4.21':
    resolution: {integrity: sha512-M5+9nI2lPpAsgXOGQobnIueVqc9sisBFexh5yMIMRAPYLa7+5wEJs8iqOZc1WAa9WQbx9GR2twgznU8LTIiZ4Q==}

  '@vue/devtools-api@6.6.4':
    resolution: {integrity: sha512-sGhTPMuXqZ1rVOk32RylztWkfXTRhuS7vgAKv0zjqk8gbsHkJ7xfFf+jbySxt7tWObEJwyKaHMikV/WGDiQm8g==}

  '@vue/reactivity@3.4.21':
    resolution: {integrity: sha512-UhenImdc0L0/4ahGCyEzc/pZNwVgcglGy9HVzJ1Bq2Mm9qXOpP8RyNTjookw/gOCUlXSEtuZ2fUg5nrHcoqJcw==}

  '@vue/runtime-core@3.4.21':
    resolution: {integrity: sha512-pQthsuYzE1XcGZznTKn73G0s14eCJcjaLvp3/DKeYWoFacD9glJoqlNBxt3W2c5S40t6CCcpPf+jG01N3ULyrA==}

  '@vue/runtime-dom@3.4.21':
    resolution: {integrity: sha512-gvf+C9cFpevsQxbkRBS1NpU8CqxKw0ebqMvLwcGQrNpx6gqRDodqKqA+A2VZZpQ9RpK2f9yfg8VbW/EpdFUOJw==}

  '@vue/server-renderer@3.4.21':
    resolution: {integrity: sha512-aV1gXyKSN6Rz+6kZ6kr5+Ll14YzmIbeuWe7ryJl5muJ4uwSwY/aStXTixx76TwkZFJLm1aAlA/HSWEJ4EyiMkg==}
    peerDependencies:
      vue: 3.4.21

  '@vue/shared@3.4.21':
    resolution: {integrity: sha512-PuJe7vDIi6VYSinuEbUIQgMIRZGgM8e4R+G+/dQTk0X1NEdvgvvgv7m+rfmDH1gZzyA1OjjoWskvHlfRNfQf3g==}

  csstype@3.2.3:
    resolution: {integrity: sha512-z1HGKcYy2xA8AGQfwrn0PAy+PB7X/GSj3UVJW9qKyn43xWa+gl5nXmU4qqLMRzWVLFC8KusUX8T/0kCiOYpAIQ==}

  dayjs@1.11.19:
    resolution: {integrity: sha512-t5EcLVS6QPBNqM2z8fakk/NKel+Xzshgt8FFKAn+qwlD1pzZWxh0nVCrvFK7ZDb6XucZeF9z8C7CBWTRIVApAw==}

  echarts@5.6.0:
    resolution: {integrity: sha512-oTbVTsXfKuEhxftHqL5xprgLoc0k7uScAwtryCgWF6hPYFLRwOUHiFmHGCBKP5NPFNkDVopOieyUqYGH8Fa3kA==}

  entities@4.5.0:
    resolution: {integrity: sha512-V0hjH4dGPh9Ao5p0MoRY6BVqtwCjhz6vI5LT8AJ55H+4g9/4vbHx1I54fS0XuclLhDHArPQCiMjDxjaL8fPxhw==}
    engines: {node: '>=0.12'}

  estree-walker@2.0.2:
    resolution: {integrity: sha512-Rfkk/Mp/DL7JVje3u18FxFujQlTNR2q6QfMSMB7AvCBx91NGj/ba3kCfza0f6dVDbw7YlRf/nDrn7pQrCCyQ/w==}

  magic-string@0.30.21:
    resolution: {integrity: sha512-vd2F4YUyEXKGcLHoq+TEyCjxueSeHnFxyyjNp80yg0XV4vUhnDer/lvvlqM/arB5bXQN5K2/3oinyCRyx8T2CQ==}

  nanoid@3.3.11:
    resolution: {integrity: sha512-N8SpfPUnUp1bK+PMYW8qSWdl9U+wwNWI4QKxOYDy9JAro3WMX7p2OeVRF9v+347pnakNevPmiHhNmZ2HbFA76w==}
    engines: {node: ^10 || ^12 || ^13.7 || ^14 || >=15.0.1}
    hasBin: true

  picocolors@1.1.1:
    resolution: {integrity: sha512-xceH2snhtb5M9liqDsmEw56le376mTZkEX/jEb/RxNFyegNul7eNslCXP9FDj/Lcu0X8KEyMceP2ntpaHrDEVA==}

  postcss@8.5.6:
    resolution: {integrity: sha512-3Ybi1tAuwAP9s0r1UQ2J4n5Y0G05bJkpUIO0/bI9MhwmD70S5aTWbXGBwxHrelT+XM1k6dM0pk+SwNkpTRN7Pg==}
    engines: {node: ^10 || ^12 || >=14}

  source-map-js@1.2.1:
    resolution: {integrity: sha512-UXWMKhLOwVKb728IUtQPXxfYU+usdybtUrK/8uGE8CQMvrhOpwvzDBwj0QhSL7MQc7vIsISBG8VQ8+IDQxpfQA==}
    engines: {node: '>=0.10.0'}

  source-map@0.6.1:
    resolution: {integrity: sha512-UjgapumWlbMhkBgzT7Ykc5YXUT46F0iKu8SGXq0bcwP5dz/h0Plj6enJqjz1Zbq2l5WaqYnrVbwWOWMyF3F47g==}
    engines: {node: '>=0.10.0'}

  tslib@2.3.0:
    resolution: {integrity: sha512-N82ooyxVNm6h1riLCoyS9e3fuJ3AMG2zIZs2Gd1ATcSFjSA23Q0fzjjZeh0jbJvWVDZ0cJT8yaNNaaXHzueNjg==}

  vue-i18n@9.1.9:
    resolution: {integrity: sha512-JeRdNVxS2OGp1E+pye5XB6+M6BBkHwAv9C80Q7+kzoMdUDGRna06tjC0vCB/jDX9aWrl5swxOMFcyAr7or8XTA==}
    engines: {node: '>= 10'}
    deprecated: v9 and v10 no longer supported. please migrate to v11. about maintenance status, see https://vue-i18n.intlify.dev/guide/maintenance.html
    peerDependencies:
      vue: ^3.0.0

  vue@3.4.21:
    resolution: {integrity: sha512-5hjyV/jLEIKD/jYl4cavMcnzKwjMKohureP8ejn3hhEjwhWIhWeuzL2kJAjzl/WyVsgPY56Sy4Z40C3lVshxXA==}
    peerDependencies:
      typescript: '*'
    peerDependenciesMeta:
      typescript:
        optional: true

  zrender@5.6.1:
    resolution: {integrity: sha512-OFXkDJKcrlx5su2XbzJvj/34Q3m6PvyCZkVPHGYpcCJ52ek4U/ymZyfuV1nKE23AyBJ51E/6Yr0mhZ7xGTO4ag==}

snapshots:

  '@babel/helper-string-parser@7.27.1': {}

  '@babel/helper-validator-identifier@7.28.5': {}

  '@babel/parser@7.28.5':
    dependencies:
      '@babel/types': 7.28.5

  '@babel/types@7.28.5':
    dependencies:
      '@babel/helper-string-parser': 7.27.1
      '@babel/helper-validator-identifier': 7.28.5

  '@intlify/core-base@9.1.9':
    dependencies:
      '@intlify/devtools-if': 9.1.9
      '@intlify/message-compiler': 9.1.9
      '@intlify/message-resolver': 9.1.9
      '@intlify/runtime': 9.1.9
      '@intlify/shared': 9.1.9
      '@intlify/vue-devtools': 9.1.9

  '@intlify/devtools-if@9.1.9':
    dependencies:
      '@intlify/shared': 9.1.9

  '@intlify/message-compiler@9.1.9':
    dependencies:
      '@intlify/message-resolver': 9.1.9
      '@intlify/shared': 9.1.9
      source-map: 0.6.1

  '@intlify/message-resolver@9.1.9': {}

  '@intlify/runtime@9.1.9':
    dependencies:
      '@intlify/message-compiler': 9.1.9
      '@intlify/message-resolver': 9.1.9
      '@intlify/shared': 9.1.9

  '@intlify/shared@9.1.9': {}

  '@intlify/vue-devtools@9.1.9':
    dependencies:
      '@intlify/message-resolver': 9.1.9
      '@intlify/runtime': 9.1.9
      '@intlify/shared': 9.1.9

  '@jridgewell/sourcemap-codec@1.6.0': {}

  '@vue/compiler-core@3.4.21':
    dependencies:
      '@babel/parser': 7.28.5
      '@vue/shared': 3.4.21
      entities: 4.5.0
      estree-walker: 2.0.2
      source-map-js: 1.2.1

  '@vue/compiler-dom@3.4.21':
    dependencies:
      '@vue/compiler-core': 3.4.21
      '@vue/shared': 3.4.21

  '@vue/compiler-sfc@3.4.21':
    dependencies:
      '@babel/parser': 7.28.5
      '@vue/compiler-core': 3.4.21
      '@vue/compiler-dom': 3.4.21
      '@vue/compiler-ssr': 3.4.21
      '@vue/shared': 3.4.21
      estree-walker: 2.0.2
      magic-string: 0.30.21
      postcss: 8.5.6
      source-map-js: 1.2.1

  '@vue/compiler-ssr@3.4.21':
    dependencies:
      '@vue/compiler-dom': 3.4.21
      '@vue/shared': 3.4.21

  '@vue/devtools-api@6.6.4': {}

  '@vue/reactivity@3.4.21':
    dependencies:
      '@vue/shared': 3.4.21

  '@vue/runtime-core@3.4.21':
    dependencies:
      '@vue/reactivity': 3.4.21
      '@vue/shared': 3.4.21

  '@vue/runtime-dom@3.4.21':
    dependencies:
      '@vue/runtime-core': 3.4.21
      '@vue/shared': 3.4.21
      csstype: 3.2.3

  '@vue/server-renderer@3.4.21(vue@3.4.21)':
    dependencies:
      '@vue/compiler-ssr': 3.4.21
      '@vue/shared': 3.4.21
      vue: 3.4.21

  '@vue/shared@3.4.21': {}

  csstype@3.2.3: {}

  dayjs@1.11.19: {}

  echarts@5.6.0:
    dependencies:
      tslib: 2.3.0
      zrender: 5.6.1

  entities@4.5.0: {}

  estree-walker@2.0.2: {}

  magic-string@0.30.21:
    dependencies:
      '@jridgewell/sourcemap-codec': 1.6.0

  nanoid@3.3.11: {}

  picocolors@1.1.1: {}

  postcss@8.5.6:
    dependencies:
      nanoid: 3.3.11
      picocolors: 1.1.1
      source-map-js: 1.2.1

  source-map-js@1.2.1: {}

  source-map@0.6.1: {}

  tslib@2.3.0: {}

  vue-i18n@9.1.9(vue@3.4.21):
    dependencies:
      '@intlify/core-base': 9.1.9
      '@intlify/shared': 9.1.9
      '@intlify/vue-devtools': 9.1.9
      '@vue/devtools-api': 6.6.4
      vue: 3.4.21

  vue@3.4.21:
    dependencies:
      '@vue/compiler-dom': 3.4.21
      '@vue/compiler-sfc': 3.4.21
      '@vue/runtime-dom': 3.4.21
      '@vue/server-renderer': 3.4.21(vue@3.4.21)
      '@vue/shared': 3.4.21

  zrender@5.6.1:
    dependencies:
      tslib: 2.3.0
